# THIS IS AN AUTOGENERATED FILE. DO NOT EDIT THIS FILE DIRECTLY.
# yarn lockfile v1


"@rush-temp/anden-error@file:./projects/anden-error.tgz":
  version "0.0.0"
  resolved "file:./projects/anden-error.tgz#3415e9c458f167d4bdb67e7ca7320fc73e12e500"
  dependencies:
    make-error-cause "2.3.0"

"@rush-temp/anden-interface@file:./projects/anden-interface.tgz":
  version "0.0.0"
  resolved "file:./projects/anden-interface.tgz#74de35f5e5f460922f3dbc1ecc8d741853b19ffe"

"@rush-temp/anden-object@file:./projects/anden-object.tgz":
  version "0.0.0"
  resolved "file:./projects/anden-object.tgz#42825e56022ab308f33b6f5878bfebc5f43b4e5d"
  dependencies:
    object-hash "2.1.1"

"@rush-temp/anden-type@file:./projects/anden-type.tgz":
  version "0.0.0"
  resolved "file:./projects/anden-type.tgz#0227446834e7ca2fb80788132294fda4d560e3de"

"@rush-temp/anden-uuid@file:./projects/anden-uuid.tgz":
  version "0.0.0"
  resolved "file:./projects/anden-uuid.tgz#c4adef4d3823378bf164cf6844134c3648861b5b"
  dependencies:
    reflect-metadata "0.1.13"
    uuid "8.3.2"

"@rush-temp/anden-validation@file:./projects/anden-validation.tgz":
  version "0.0.0"
  resolved "file:./projects/anden-validation.tgz#a722264578fb1c6e5f7d32e1d4d3ed64958a5d2b"
  dependencies:
    reflect-metadata "0.1.13"

"@rush-temp/anden-zeit@file:./projects/anden-zeit.tgz":
  version "0.0.0"
  resolved "file:./projects/anden-zeit.tgz#62fd8cff8c1fc9e79ca76d8a93543617272b6561"
  dependencies:
    dayjs "1.10.4"
    reflect-metadata "0.1.13"
    sinon "9.2.4"

"@sinonjs/commons@^1.6.0", "@sinonjs/commons@^1.7.0", "@sinonjs/commons@^1.8.1":
  version "1.8.2"
  resolved "https://registry.yarnpkg.com/@sinonjs/commons/-/commons-1.8.2.tgz#858f5c4b48d80778fde4b9d541f27edc0d56488b"
  dependencies:
    type-detect "4.0.8"

"@sinonjs/fake-timers@^6.0.0", "@sinonjs/fake-timers@^6.0.1":
  version "6.0.1"
  resolved "https://registry.yarnpkg.com/@sinonjs/fake-timers/-/fake-timers-6.0.1.tgz#293674fccb3262ac782c7aadfdeca86b10c75c40"
  dependencies:
    "@sinonjs/commons" "^1.7.0"

"@sinonjs/samsam@^5.3.1":
  version "5.3.1"
  resolved "https://registry.yarnpkg.com/@sinonjs/samsam/-/samsam-5.3.1.tgz#375a45fe6ed4e92fca2fb920e007c48232a6507f"
  dependencies:
    "@sinonjs/commons" "^1.6.0"
    lodash.get "^4.4.2"
    type-detect "^4.0.8"

"@sinonjs/text-encoding@^0.7.1":
  version "0.7.1"
  resolved "https://registry.yarnpkg.com/@sinonjs/text-encoding/-/text-encoding-0.7.1.tgz#8da5c6530915653f3a1f38fd5f101d8c3f8079c5"

dayjs@1.10.4:
  version "1.10.4"
  resolved "https://registry.yarnpkg.com/dayjs/-/dayjs-1.10.4.tgz#8e544a9b8683f61783f570980a8a80eaf54ab1e2"

diff@^4.0.2:
  version "4.0.2"
  resolved "https://registry.yarnpkg.com/diff/-/diff-4.0.2.tgz#60f3aecb89d5fae520c11aa19efc2bb982aade7d"

has-flag@^4.0.0:
  version "4.0.0"
  resolved "https://registry.yarnpkg.com/has-flag/-/has-flag-4.0.0.tgz#944771fd9c81c81265c4d6941860da06bb59479b"

isarray@0.0.1:
  version "0.0.1"
  resolved "https://registry.yarnpkg.com/isarray/-/isarray-0.0.1.tgz#8a18acfca9a8f4177e09abfc6038939b05d1eedf"

just-extend@^4.0.2:
  version "4.1.1"
  resolved "https://registry.yarnpkg.com/just-extend/-/just-extend-4.1.1.tgz#158f1fdb01f128c411dc8b286a7b4837b3545282"

lodash.get@^4.4.2:
  version "4.4.2"
  resolved "https://registry.yarnpkg.com/lodash.get/-/lodash.get-4.4.2.tgz#2d177f652fa31e939b4438d5341499dfa3825e99"

make-error-cause@2.3.0:
  version "2.3.0"
  resolved "https://registry.yarnpkg.com/make-error-cause/-/make-error-cause-2.3.0.tgz#ecd11875971e506d510e93d37796e5b83f46d6f9"
  dependencies:
    make-error "^1.3.5"

make-error@^1.3.5:
  version "1.3.6"
  resolved "https://registry.yarnpkg.com/make-error/-/make-error-1.3.6.tgz#2eb2e37ea9b67c4891f684a1394799af484cf7a2"

nise@^4.0.4:
  version "4.0.4"
  resolved "https://registry.yarnpkg.com/nise/-/nise-4.0.4.tgz#d73dea3e5731e6561992b8f570be9e363c4512dd"
  dependencies:
    "@sinonjs/commons" "^1.7.0"
    "@sinonjs/fake-timers" "^6.0.0"
    "@sinonjs/text-encoding" "^0.7.1"
    just-extend "^4.0.2"
    path-to-regexp "^1.7.0"

object-hash@2.1.1:
  version "2.1.1"
  resolved "https://registry.yarnpkg.com/object-hash/-/object-hash-2.1.1.tgz#9447d0279b4fcf80cff3259bf66a1dc73afabe09"

path-to-regexp@^1.7.0:
  version "1.8.0"
  resolved "https://registry.yarnpkg.com/path-to-regexp/-/path-to-regexp-1.8.0.tgz#887b3ba9d84393e87a0a0b9f4cb756198b53548a"
  dependencies:
    isarray "0.0.1"

reflect-metadata@0.1.13:
  version "0.1.13"
  resolved "https://registry.yarnpkg.com/reflect-metadata/-/reflect-metadata-0.1.13.tgz#67ae3ca57c972a2aa1642b10fe363fe32d49dc08"

sinon@9.2.4:
  version "9.2.4"
  resolved "https://registry.yarnpkg.com/sinon/-/sinon-9.2.4.tgz#e55af4d3b174a4443a8762fa8421c2976683752b"
  dependencies:
    "@sinonjs/commons" "^1.8.1"
    "@sinonjs/fake-timers" "^6.0.1"
    "@sinonjs/samsam" "^5.3.1"
    diff "^4.0.2"
    nise "^4.0.4"
    supports-color "^7.1.0"

supports-color@^7.1.0:
  version "7.2.0"
  resolved "https://registry.yarnpkg.com/supports-color/-/supports-color-7.2.0.tgz#1b7dcdcb32b8138801b3e478ba6a51caa89648da"
  dependencies:
    has-flag "^4.0.0"

type-detect@4.0.8, type-detect@^4.0.8:
  version "4.0.8"
  resolved "https://registry.yarnpkg.com/type-detect/-/type-detect-4.0.8.tgz#7646fb5f18871cfbb7749e69bd39a6388eb7450c"

uuid@8.3.2:
  version "8.3.2"
  resolved "https://registry.yarnpkg.com/uuid/-/uuid-8.3.2.tgz#80d5b5ced271bb9af6c445f21a1a04c606cefbe2"
